// !$*UTF8*$!
{
	archiveVersion = 1;
	classes = {
	};
	objectVersion = 56;
	objects = {

/* Begin PBXBuildFile section */
		04996D5D2B55F9F700D77DBD /* AppDelegate.swift in Sources */ = {isa = PBXBuildFile; fileRef = 04996D5C2B55F9F700D77DBD /* AppDelegate.swift */; };
		04996D5F2B55F9F700D77DBD /* SceneDelegate.swift in Sources */ = {isa = PBXBuildFile; fileRef = 04996D5E2B55F9F700D77DBD /* SceneDelegate.swift */; };
		04996D612B55F9F700D77DBD /* ViewController.swift in Sources */ = {isa = PBXBuildFile; fileRef = 04996D602B55F9F700D77DBD /* ViewController.swift */; };
		04996D642B55F9F700D77DBD /* Main.storyboard in Resources */ = {isa = PBXBuildFile; fileRef = 04996D622B55F9F700D77DBD /* Main.storyboard */; };
		04996D662B55F9F900D77DBD /* Assets.xcassets in Resources */ = {isa = PBXBuildFile; fileRef = 04996D652B55F9F900D77DBD /* Assets.xcassets */; };
		04996D692B55F9F900D77DBD /* LaunchScreen.storyboard in Resources */ = {isa = PBXBuildFile; fileRef = 04996D672B55F9F900D77DBD /* LaunchScreen.storyboard */; };
		04996D712B55FA2F00D77DBD /* CustomAlertView.xib in Resources */ = {isa = PBXBuildFile; fileRef = 04996D702B55FA2F00D77DBD /* CustomAlertView.xib */; };
		04996D732B55FA5100D77DBD /* CustomAlertView.swift in Sources */ = {isa = PBXBuildFile; fileRef = 04996D722B55FA5100D77DBD /* CustomAlertView.swift */; };
/* End PBXBuildFile section */

/* Begin PBXFileReference section */
		04996D592B55F9F700D77DBD /* TMSLesson15. UiCustomView.app */ = {isa = PBXFileReference; explicitFileType = wrapper.application; includeInIndex = 0; path = "TMSLesson15. UiCustomView.app"; sourceTree = BUILT_PRODUCTS_DIR; };
		04996D5C2B55F9F700D77DBD /* AppDelegate.swift */ = {isa = PBXFileReference; lastKnownFileType = sourcecode.swift; path = AppDelegate.swift; sourceTree = "<group>"; };
		04996D5E2B55F9F700D77DBD /* SceneDelegate.swift */ = {isa = PBXFileReference; lastKnownFileType = sourcecode.swift; path = SceneDelegate.swift; sourceTree = "<group>"; };
		04996D602B55F9F700D77DBD /* ViewController.swift */ = {isa = PBXFileReference; lastKnownFileType = sourcecode.swift; path = ViewController.swift; sourceTree = "<group>"; };
		04996D632B55F9F700D77DBD /* Base */ = {isa = PBXFileReference; lastKnownFileType = file.storyboard; name = Base; path = Base.lproj/Main.storyboard; sourceTree = "<group>"; };
		04996D652B55F9F900D77DBD /* Assets.xcassets */ = {isa = PBXFileReference; lastKnownFileType = folder.assetcatalog; path = Assets.xcassets; sourceTree = "<group>"; };
		04996D682B55F9F900D77DBD /* Base */ = {isa = PBXFileReference; lastKnownFileType = file.storyboard; name = Base; path = Base.lproj/LaunchScreen.storyboard; sourceTree = "<group>"; };
		04996D6A2B55F9F900D77DBD /* Info.plist */ = {isa = PBXFileReference; lastKnownFileType = text.plist.xml; path = Info.plist; sourceTree = "<group>"; };
		04996D702B55FA2F00D77DBD /* CustomAlertView.xib */ = {isa = PBXFileReference; lastKnownFileType = file.xib; path = CustomAlertView.xib; sourceTree = "<group>"; };
		04996D722B55FA5100D77DBD /* CustomAlertView.swift */ = {isa = PBXFileReference; lastKnownFileType = sourcecode.swift; path = CustomAlertView.swift; sourceTree = "<group>"; };
/* End PBXFileReference section */

/* Begin PBXFrameworksBuildPhase section */
		04996D562B55F9F700D77DBD /* Frameworks */ = {
			isa = PBXFrameworksBuildPhase;
			buildActionMask = 2147483647;
			files = (
			);
			runOnlyForDeploymentPostprocessing = 0;
		};
/* End PBXFrameworksBuildPhase section */

/* Begin PBXGroup section */
		04996D502B55F9F700D77DBD = {
			isa = PBXGroup;
			children = (
				04996D5B2B55F9F700D77DBD /* TMSLesson15. UiCustomView */,
				04996D5A2B55F9F700D77DBD /* Products */,
			);
			sourceTree = "<group>";
		};
		04996D5A2B55F9F700D77DBD /* Products */ = {
			isa = PBXGroup;
			children = (
				04996D592B55F9F700D77DBD /* TMSLesson15. UiCustomView.app */,
			);
			name = Products;
			sourceTree = "<group>";
		};
		04996D5B2B55F9F700D77DBD /* TMSLesson15. UiCustomView */ = {
			isa = PBXGroup;
			children = (
				04996D5C2B55F9F700D77DBD /* AppDelegate.swift */,
				04996D722B55FA5100D77DBD /* CustomAlertView.swift */,
				04996D702B55FA2F00D77DBD /* CustomAlertView.xib */,
				04996D5E2B55F9F700D77DBD /* SceneDelegate.swift */,
				04996D602B55F9F700D77DBD /* ViewController.swift */,
				04996D622B55F9F700D77DBD /* Main.storyboard */,
				04996D652B55F9F900D77DBD /* Assets.xcassets */,
				04996D672B55F9F900D77DBD /* LaunchScreen.storyboard */,
				04996D6A2B55F9F900D77DBD /* Info.plist */,
			);
			path = "TMSLesson15. UiCustomView";
			sourceTree = "<group>";
		};
/* End PBXGroup section */

/* Begin PBXNativeTarget section */
		04996D582B55F9F700D77DBD /* TMSLesson15. UiCustomView */ = {
			isa = PBXNativeTarget;
			buildConfigurationList = 04996D6D2B55F9F900D77DBD /* Build configuration list for PBXNativeTarget "TMSLesson15. UiCustomView" */;
			buildPhases = (
				04996D552B55F9F700D77DBD /* Sources */,
				04996D562B55F9F700D77DBD /* Frameworks */,
				04996D572B55F9F700D77DBD /* Resources */,
			);
			buildRules = (
			);
			dependencies = (
			);
			name = "TMSLesson15. UiCustomView";
			productName = "TMSLesson15. UiCustomView";
			productReference = 04996D592B55F9F700D77DBD /* TMSLesson15. UiCustomView.app */;
			productType = "com.apple.product-type.application";
		};
/* End PBXNativeTarget section */

/* Begin PBXProject section */
		04996D512B55F9F700D77DBD /* Project object */ = {
			isa = PBXProject;
			attributes = {
				BuildIndependentTargetsInParallel = 1;
				LastSwiftUpdateCheck = 1500;
				LastUpgradeCheck = 1500;
				TargetAttributes = {
					04996D582B55F9F700D77DBD = {
						CreatedOnToolsVersion = 15.0.1;
					};
				};
			};
			buildConfigurationList = 04996D542B55F9F700D77DBD /* Build configuration list for PBXProject "TMSLesson15. UiCustomView" */;
			compatibilityVersion = "Xcode 14.0";
			developmentRegion = en;
			hasScannedForEncodings = 0;
			knownRegions = (
				en,
				Base,
			);
			mainGroup = 04996D502B55F9F700D77DBD;
			productRefGroup = 04996D5A2B55F9F700D77DBD /* Products */;
			projectDirPath = "";
			projectRoot = "";
			targets = (
				04996D582B55F9F700D77DBD /* TMSLesson15. UiCustomView */,
			);
		};
/* End PBXProject section */

/* Begin PBXResourcesBuildPhase section */
		04996D572B55F9F700D77DBD /* Resources */ = {
			isa = PBXResourcesBuildPhase;
			buildActionMask = 2147483647;
			files = (
				04996D692B55F9F900D77DBD /* LaunchScreen.storyboard in Resources */,
				04996D662B55F9F900D77DBD /* Assets.xcassets in Resources */,
				04996D712B55FA2F00D77DBD /* CustomAlertView.xib in Resources */,
				04996D642B55F9F700D77DBD /* Main.storyboard in Resources */,
			);
			runOnlyForDeploymentPostprocessing = 0;
		};
/* End PBXResourcesBuildPhase section */

/* Begin PBXSourcesBuildPhase section */
		04996D552B55F9F700D77DBD /* Sources */ = {
			isa = PBXSourcesBuildPhase;
			buildActionMask = 2147483647;
			files = (
				04996D612B55F9F700D77DBD /* ViewController.swift in Sources */,
				04996D5D2B55F9F700D77DBD /* AppDelegate.swift in Sources */,
				04996D732B55FA5100D77DBD /* CustomAlertView.swift in Sources */,
				04996D5F2B55F9F700D77DBD /* SceneDelegate.swift in Sources */,
			);
			runOnlyForDeploymentPostprocessing = 0;
		};
/* End PBXSourcesBuildPhase section */

/* Begin PBXVariantGroup section */
		04996D622B55F9F700D77DBD /* Main.storyboard */ = {
			isa = PBXVariantGroup;
			children = (
				04996D632B55F9F700D77DBD /* Base */,
			);
			name = Main.storyboard;
			sourceTree = "<group>";
		};
		04996D672B55F9F900D77DBD /* LaunchScreen.storyboard */ = {
			isa = PBXVariantGroup;
			children = (
				04996D682B55F9F900D77DBD /* Base */,
			);
			name = LaunchScreen.storyboard;
			sourceTree = "<group>";
		};
/* End PBXVariantGroup section */

/* Begin XCBuildConfiguration section */
		04996D6B2B55F9F900D77DBD /* Debug */ = {
			isa = XCBuildConfiguration;
			buildSettings = {
				ALWAYS_SEARCH_USER_PATHS = NO;
				ASSETCATALOG_COMPILER_GENERATE_SWIFT_ASSET_SYMBOL_EXTENSIONS = YES;
				CLANG_ANALYZER_NONNULL = YES;
				CLANG_ANALYZER_NUMBER_OBJECT_CONVERSION = YES_AGGRESSIVE;
				CLANG_CXX_LANGUAGE_STANDARD = "gnu++20";
				CLANG_ENABLE_MODULES = YES;
				CLANG_ENABLE_OBJC_ARC = YES;
				CLANG_ENABLE_OBJC_WEAK = YES;
				CLANG_WARN_BLOCK_CAPTURE_AUTORELEASING = YES;
				CLANG_WARN_BOOL_CONVERSION = YES;
				CLANG_WARN_COMMA = YES;
				CLANG_WARN_CONSTANT_CONVERSION = YES;
				CLANG_WARN_DEPRECATED_OBJC_IMPLEMENTATIONS = YES;
				CLANG_WARN_DIRECT_OBJC_ISA_USAGE = YES_ERROR;
				CLANG_WARN_DOCUMENTATION_COMMENTS = YES;
				CLANG_WARN_EMPTY_BODY = YES;
				CLANG_WARN_ENUM_CONVERSION = YES;
				CLANG_WARN_INFINITE_RECURSION = YES;
				CLANG_WARN_INT_CONVERSION = YES;
				CLANG_WARN_NON_LITERAL_NULL_CONVERSION = YES;
				CLANG_WARN_OBJC_IMPLICIT_RETAIN_SELF = YES;
				CLANG_WARN_OBJC_LITERAL_CONVERSION = YES;
				CLANG_WARN_OBJC_ROOT_CLASS = YES_ERROR;
				CLANG_WARN_QUOTED_INCLUDE_IN_FRAMEWORK_HEADER = YES;
				CLANG_WARN_RANGE_LOOP_ANALYSIS = YES;
				CLANG_WARN_STRICT_PROTOTYPES = YES;
				CLANG_WARN_SUSPICIOUS_MOVE = YES;
				CLANG_WARN_UNGUARDED_AVAILABILITY = YES_AGGRESSIVE;
				CLANG_WARN_UNREACHABLE_CODE = YES;
				CLANG_WARN__DUPLICATE_METHOD_MATCH = YES;
				COPY_PHASE_STRIP = NO;
				DEBUG_INFORMATION_FORMAT = dwarf;
				ENABLE_STRICT_OBJC_MSGSEND = YES;
				ENABLE_TESTABILITY = YES;
				ENABLE_USER_SCRIPT_SANDBOXING = YES;
				GCC_C_LANGUAGE_STANDARD = gnu17;
				GCC_DYNAMIC_NO_PIC = NO;
				GCC_NO_COMMON_BLOCKS = YES;
				GCC_OPTIMIZATION_LEVEL = 0;
				GCC_PREPROCESSOR_DEFINITIONS = (
					"DEBUG=1",
					"$(inherited)",
				);
				GCC_WARN_64_TO_32_BIT_CONVERSION = YES;
				GCC_WARN_ABOUT_RETURN_TYPE = YES_ERROR;
				GCC_WARN_UNDECLARED_SELECTOR = YES;
				GCC_WARN_UNINITIALIZED_AUTOS = YES_AGGRESSIVE;
				GCC_WARN_UNUSED_FUNCTION = YES;
				GCC_WARN_UNUSED_VARIABLE = YES;
				IPHONEOS_DEPLOYMENT_TARGET = 17.0;
				LOCALIZATION_PREFERS_STRING_CATALOGS = YES;
				MTL_ENABLE_DEBUG_INFO = INCLUDE_SOURCE;
				MTL_FAST_MATH = YES;
				ONLY_ACTIVE_ARCH = YES;
				SDKROOT = iphoneos;
				SWIFT_ACTIVE_COMPILATION_CONDITIONS = "DEBUG $(inherited)";
				SWIFT_OPTIMIZATION_LEVEL = "-Onone";
			};
			name = Debug;
		};
		04996D6C2B55F9F900D77DBD /* Release */ = {
			isa = XCBuildConfiguration;
			buildSettings = {
				ALWAYS_SEARCH_USER_PATHS = NO;
				ASSETCATALOG_COMPILER_GENERATE_SWIFT_ASSET_SYMBOL_EXTENSIONS = YES;
				CLANG_ANALYZER_NONNULL = YES;
				CLANG_ANALYZER_NUMBER_OBJECT_CONVERSION = YES_AGGRESSIVE;
				CLANG_CXX_LANGUAGE_STANDARD = "gnu++20";
				CLANG_ENABLE_MODULES = YES;
				CLANG_ENABLE_OBJC_ARC = YES;
				CLANG_ENABLE_OBJC_WEAK = YES;
				CLANG_WARN_BLOCK_CAPTURE_AUTORELEASING = YES;
				CLANG_WARN_BOOL_CONVERSION = YES;
				CLANG_WARN_COMMA = YES;
				CLANG_WARN_CONSTANT_CONVERSION = YES;
				CLANG_WARN_DEPRECATED_OBJC_IMPLEMENTATIONS = YES;
				CLANG_WARN_DIRECT_OBJC_ISA_USAGE = YES_ERROR;
				CLANG_WARN_DOCUMENTATION_COMMENTS = YES;
				CLANG_WARN_EMPTY_BODY = YES;
				CLANG_WARN_ENUM_CONVERSION = YES;
				CLANG_WARN_INFINITE_RECURSION = YES;
				CLANG_WARN_INT_CONVERSION = YES;
				CLANG_WARN_NON_LITERAL_NULL_CONVERSION = YES;
				CLANG_WARN_OBJC_IMPLICIT_RETAIN_SELF = YES;
				CLANG_WARN_OBJC_LITERAL_CONVERSION = YES;
				CLANG_WARN_OBJC_ROOT_CLASS = YES_ERROR;
				CLANG_WARN_QUOTED_INCLUDE_IN_FRAMEWORK_HEADER = YES;
				CLANG_WARN_RANGE_LOOP_ANALYSIS = YES;
				CLANG_WARN_STRICT_PROTOTYPES = YES;
				CLANG_WARN_SUSPICIOUS_MOVE = YES;
				CLANG_WARN_UNGUARDED_AVAILABILITY = YES_AGGRESSIVE;
				CLANG_WARN_UNREACHABLE_CODE = YES;
				CLANG_WARN__DUPLICATE_METHOD_MATCH = YES;
				COPY_PHASE_STRIP = NO;
				DEBUG_INFORMATION_FORMAT = "dwarf-with-dsym";
				ENABLE_NS_ASSERTIONS = NO;
				ENABLE_STRICT_OBJC_MSGSEND = YES;
				ENABLE_USER_SCRIPT_SANDBOXING = YES;
				GCC_C_LANGUAGE_STANDARD = gnu17;
				GCC_NO_COMMON_BLOCKS = YES;
				GCC_WARN_64_TO_32_BIT_CONVERSION = YES;
				GCC_WARN_ABOUT_RETURN_TYPE = YES_ERROR;
				GCC_WARN_UNDECLARED_SELECTOR = YES;
				GCC_WARN_UNINITIALIZED_AUTOS = YES_AGGRESSIVE;
				GCC_WARN_UNUSED_FUNCTION = YES;
				GCC_WARN_UNUSED_VARIABLE = YES;
				IPHONEOS_DEPLOYMENT_TARGET = 17.0;
				LOCALIZATION_PREFERS_STRING_CATALOGS = YES;
				MTL_ENABLE_DEBUG_INFO = NO;
				MTL_FAST_MATH = YES;
				SDKROOT = iphoneos;
				SWIFT_COMPILATION_MODE = wholemodule;
				VALIDATE_PRODUCT = YES;
			};
			name = Release;
		};
		04996D6E2B55F9F900D77DBD /* Debug */ = {
			isa = XCBuildConfiguration;
			buildSettings = {
				ASSETCATALOG_COMPILER_APPICON_NAME = AppIcon;
				ASSETCATALOG_COMPILER_GLOBAL_ACCENT_COLOR_NAME = AccentColor;
				CODE_SIGN_STYLE = Automatic;
				CURRENT_PROJECT_VERSION = 1;
				DEVELOPMENT_TEAM = SW28RGZ4W7;
				GENERATE_INFOPLIST_FILE = YES;
				INFOPLIST_FILE = "TMSLesson15. UiCustomView/Info.plist";
				INFOPLIST_KEY_UIApplicationSupportsIndirectInputEvents = YES;
				INFOPLIST_KEY_UILaunchStoryboardName = LaunchScreen;
				INFOPLIST_KEY_UIMainStoryboardFile = Main;
				INFOPLIST_KEY_UISupportedInterfaceOrientations_iPad = "UIInterfaceOrientationPortrait UIInterfaceOrientationPortraitUpsideDown UIInterfaceOrientationLandscapeLeft UIInterfaceOrientationLandscapeRight";
				INFOPLIST_KEY_UISupportedInterfaceOrientations_iPhone = "UIInterfaceOrientationPortrait UIInterfaceOrientationLandscapeLeft UIInterfaceOrientationLandscapeRight";
				LD_RUNPATH_SEARCH_PATHS = (
					"$(inherited)",
					"@executable_path/Frameworks",
				);
				MARKETING_VERSION = 1.0;
				PRODUCT_BUNDLE_IDENTIFIER = "tmslesson1.com.TMSLesson15--UiCustomView";
				PRODUCT_NAME = "$(TARGET_NAME)";
				SWIFT_EMIT_LOC_STRINGS = YES;
				SWIFT_VERSION = 5.0;
				TARGETED_DEVICE_FAMILY = "1,2";
			};
			name = Debug;
		};
		04996D6F2B55F9F900D77DBD /* Release */ = {
			isa = XCBuildConfiguration;
			buildSettings = {
				ASSETCATALOG_COMPILER_APPICON_NAME = AppIcon;
				ASSETCATALOG_COMPILER_GLOBAL_ACCENT_COLOR_NAME = AccentColor;
				CODE_SIGN_STYLE = Automatic;
				CURRENT_PROJECT_VERSION = 1;
				DEVELOPMENT_TEAM = SW28RGZ4W7;
				GENERATE_INFOPLIST_FILE = YES;
				INFOPLIST_FILE = "TMSLesson15. UiCustomView/Info.plist";
				INFOPLIST_KEY_UIApplicationSupportsIndirectInputEvents = YES;
				INFOPLIST_KEY_UILaunchStoryboardName = LaunchScreen;
				INFOPLIST_KEY_UIMainStoryboardFile = Main;
				INFOPLIST_KEY_UISupportedInterfaceOrientations_iPad = "UIInterfaceOrientationPortrait UIInterfaceOrientationPortraitUpsideDown UIInterfaceOrientationLandscapeLeft UIInterfaceOrientationLandscapeRight";
				INFOPLIST_KEY_UISupportedInterfaceOrientations_iPhone = "UIInterfaceOrientationPortrait UIInterfaceOrientationLandscapeLeft UIInterfaceOrientationLandscapeRight";
				LD_RUNPATH_SEARCH_PATHS = (
					"$(inherited)",
					"@executable_path/Frameworks",
				);
				MARKETING_VERSION = 1.0;
				PRODUCT_BUNDLE_IDENTIFIER = "tmslesson1.com.TMSLesson15--UiCustomView";
				PRODUCT_NAME = "$(TARGET_NAME)";
				SWIFT_EMIT_LOC_STRINGS = YES;
				SWIFT_VERSION = 5.0;
				TARGETED_DEVICE_FAMILY = "1,2";
			};
			name = Release;
		};
/* End XCBuildConfiguration section */

/* Begin XCConfigurationList section */
		04996D542B55F9F700D77DBD /* Build configuration list for PBXProject "TMSLesson15. UiCustomView" */ = {
			isa = XCConfigurationList;
			buildConfigurations = (
				04996D6B2B55F9F900D77DBD /* Debug */,
				04996D6C2B55F9F900D77DBD /* Release */,
			);
			defaultConfigurationIsVisible = 0;
			defaultConfigurationName = Release;
		};
		04996D6D2B55F9F900D77DBD /* Build configuration list for PBXNativeTarget "TMSLesson15. UiCustomView" */ = {
			isa = XCConfigurationList;
			buildConfigurations = (
				04996D6E2B55F9F900D77DBD /* Debug */,
				04996D6F2B55F9F900D77DBD /* Release */,
			);
			defaultConfigurationIsVisible = 0;
			defaultConfigurationName = Release;
		};
/* End XCConfigurationList section */
	};
	rootObject = 04996D512B55F9F700D77DBD /* Project object */;
}
